{
  "name": "wav-blob-util",
  "version": "1.0.1",
  "lockfileVersion": 2,
  "requires": true,
  "packages": {
    "": {
      "name": "wav-blob-util",
      "version": "1.0.1",
      "license": "ISC",
      "dependencies": {
        "blob-polyfill": "^7.0.20220408",
        "node-blob": "^0.0.2",
        "node-wav": "^0.0.2",
        "wav-blob-util": "^1.0.1"
      }
    },
    "node_modules/blob-polyfill": {
      "version": "7.0.20220408",
      "resolved": "https://registry.npmjs.org/blob-polyfill/-/blob-polyfill-7.0.20220408.tgz",
      "integrity": "sha512-oD8Ydw+5lNoqq+en24iuPt1QixdPpe/nUF8azTHnviCZYu9zUC+TwdzIp5orpblJosNlgNbVmmAb//c6d6ImUQ=="
    },
    "node_modules/node-blob": {
      "version": "0.0.2",
      "resolved": "https://registry.npmjs.org/node-blob/-/node-blob-0.0.2.tgz",
      "integrity": "sha512-82wiGzMht96gPQDUYaZBdZEVvYD9aEhU6Bt9KLCr4rADZPRd7dQVY2Yj0ZG/1vp4DhVkL49nJT/M3CiMTAt3ag=="
    },
    "node_modules/node-wav": {
      "version": "0.0.2",
      "resolved": "https://registry.npmjs.org/node-wav/-/node-wav-0.0.2.tgz",
      "integrity": "sha512-M6Rm/bbG6De/gKGxOpeOobx/dnGuP0dz40adqx38boqHhlWssBJZgLCPBNtb9NkrmnKYiV04xELq+R6PFOnoLA==",
      "engines": {
        "node": ">=4.4.0"
      }
    },
    "node_modules/wav-blob-util": {
      "version": "1.0.1",
      "resolved": "https://registry.npmjs.org/wav-blob-util/-/wav-blob-util-1.0.1.tgz",
      "integrity": "sha512-AFxk0V56ufQHczco6WXU7nLDF7x73QqJmWjQ65naBAGufakdM5Ka48yqtJwggj1lytQot7vos/BVZWTlxUuOrQ=="
    }
  },
  "dependencies": {
    "blob-polyfill": {
      "version": "7.0.20220408",
      "resolved": "https://registry.npmjs.org/blob-polyfill/-/blob-polyfill-7.0.20220408.tgz",
      "integrity": "sha512-oD8Ydw+5lNoqq+en24iuPt1QixdPpe/nUF8azTHnviCZYu9zUC+TwdzIp5orpblJosNlgNbVmmAb//c6d6ImUQ=="
    },
    "node-blob": {
      "version": "0.0.2",
      "resolved": "https://registry.npmjs.org/node-blob/-/node-blob-0.0.2.tgz",
      "integrity": "sha512-82wiGzMht96gPQDUYaZBdZEVvYD9aEhU6Bt9KLCr4rADZPRd7dQVY2Yj0ZG/1vp4DhVkL49nJT/M3CiMTAt3ag=="
    },
    "node-wav": {
      "version": "0.0.2",
      "resolved": "https://registry.npmjs.org/node-wav/-/node-wav-0.0.2.tgz",
      "integrity": "sha512-M6Rm/bbG6De/gKGxOpeOobx/dnGuP0dz40adqx38boqHhlWssBJZgLCPBNtb9NkrmnKYiV04xELq+R6PFOnoLA=="
    },
    "wav-blob-util": {
      "version": "1.0.1",
      "resolved": "https://registry.npmjs.org/wav-blob-util/-/wav-blob-util-1.0.1.tgz",
      "integrity": "sha512-AFxk0V56ufQHczco6WXU7nLDF7x73QqJmWjQ65naBAGufakdM5Ka48yqtJwggj1lytQot7vos/BVZWTlxUuOrQ=="
    }
  }
}
